
Microsoft Visual Studio Solution File, Format Version 12.00
# Visual Studio Version 16
VisualStudioVersion = 16.0.31112.23
MinimumVisualStudioVersion = 10.0.40219.1
Project("{9A19103F-16F7-4668-BE54-9A1E7A4F7556}") = "TopicTweets", "TopicTweets\TopicTweets.csproj", "{BD8812C5-F175-44A4-94B6-81DDF0D3D9F8}"
EndProject
Project("{9A19103F-16F7-4668-BE54-9A1E7A4F7556}") = "TopicTweets.Data", "TopicTweets.Data\TopicTweets.Data.csproj", "{BA025E6F-3596-405B-B893-AB0051BD9ECF}"
EndProject
Project("{9A19103F-16F7-4668-BE54-9A1E7A4F7556}") = "TopicTweets.Handler", "TopicTweets.Handler\TopicTweets.Handler.csproj", "{9D236B50-AA05-482B-BB81-2F5BB789C95B}"
EndProject
Project("{FAE04EC0-301F-11D3-BF4B-00C04F79EFBC}") = "TopicTweetsTests", "TopicTweetsTests\TopicTweetsTests.csproj", "{3893540B-0F25-4F27-8A58-9FC885562622}"
EndProject
Global
	GlobalSection(SolutionConfigurationPlatforms) = preSolution
		Debug|Any CPU = Debug|Any CPU
		Release|Any CPU = Release|Any CPU
	EndGlobalSection
	GlobalSection(ProjectConfigurationPlatforms) = postSolution
		{BD8812C5-F175-44A4-94B6-81DDF0D3D9F8}.Debug|Any CPU.ActiveCfg = Debug|Any CPU
		{BD8812C5-F175-44A4-94B6-81DDF0D3D9F8}.Debug|Any CPU.Build.0 = Debug|Any CPU
		{BD8812C5-F175-44A4-94B6-81DDF0D3D9F8}.Release|Any CPU.ActiveCfg = Release|Any CPU
		{BD8812C5-F175-44A4-94B6-81DDF0D3D9F8}.Release|Any CPU.Build.0 = Release|Any CPU
		{BA025E6F-3596-405B-B893-AB0051BD9ECF}.Debug|Any CPU.ActiveCfg = Debug|Any CPU
		{BA025E6F-3596-405B-B893-AB0051BD9ECF}.Debug|Any CPU.Build.0 = Debug|Any CPU
		{BA025E6F-3596-405B-B893-AB0051BD9ECF}.Release|Any CPU.ActiveCfg = Release|Any CPU
		{BA025E6F-3596-405B-B893-AB0051BD9ECF}.Release|Any CPU.Build.0 = Release|Any CPU
		{9D236B50-AA05-482B-BB81-2F5BB789C95B}.Debug|Any CPU.ActiveCfg = Debug|Any CPU
		{9D236B50-AA05-482B-BB81-2F5BB789C95B}.Debug|Any CPU.Build.0 = Debug|Any CPU
		{9D236B50-AA05-482B-BB81-2F5BB789C95B}.Release|Any CPU.ActiveCfg = Release|Any CPU
		{9D236B50-AA05-482B-BB81-2F5BB789C95B}.Release|Any CPU.Build.0 = Release|Any CPU
		{3893540B-0F25-4F27-8A58-9FC885562622}.Debug|Any CPU.ActiveCfg = Debug|Any CPU
		{3893540B-0F25-4F27-8A58-9FC885562622}.Debug|Any CPU.Build.0 = Debug|Any CPU
		{3893540B-0F25-4F27-8A58-9FC885562622}.Release|Any CPU.ActiveCfg = Release|Any CPU
		{3893540B-0F25-4F27-8A58-9FC885562622}.Release|Any CPU.Build.0 = Release|Any CPU
	EndGlobalSection
	GlobalSection(SolutionProperties) = preSolution
		HideSolutionNode = FALSE
	EndGlobalSection
	GlobalSection(ExtensibilityGlobals) = postSolution
		SolutionGuid = {21140644-DA27-4DDB-ADA1-29B7698914C4}
	EndGlobalSection
EndGlobal
